
Microsoft Visual Studio Solution File, Format Version 12.00
# Visual Studio 2013
VisualStudioVersion = 12.0.31101.0
MinimumVisualStudioVersion = 10.0.40219.1
Project("{FAE04EC0-301F-11D3-BF4B-00C04F79EFBC}") = "Model", "Model\Model.csproj", "{406E0667-C9ED-4A41-BEF1-D954BD768552}"
EndProject
Project("{FAE04EC0-301F-11D3-BF4B-00C04F79EFBC}") = "Downloader", "Downloader\Downloader.csproj", "{F38B3CD2-97B3-4691-AAA8-B7C54B6836E2}"
EndProject
Project("{FAE04EC0-301F-11D3-BF4B-00C04F79EFBC}") = "ConsoleViewer", "ConsoleViewer\ConsoleViewer.csproj", "{A337EBFC-5F67-49EB-8D06-9F9B652503CE}"
EndProject
Project("{2150E333-8FDC-42A3-9474-1A3956D46DE8}") = "Solution Items", "Solution Items", "{47E0A154-73DF-4904-9AC6-BCC706261BF1}"
	ProjectSection(SolutionItems) = preProject
		.gitattributes = .gitattributes
		.gitignore = .gitignore
	EndProjectSection
EndProject
Global
	GlobalSection(SolutionConfigurationPlatforms) = preSolution
		Debug|Any CPU = Debug|Any CPU
		Release|Any CPU = Release|Any CPU
	EndGlobalSection
	GlobalSection(ProjectConfigurationPlatforms) = postSolution
		{406E0667-C9ED-4A41-BEF1-D954BD768552}.Debug|Any CPU.ActiveCfg = Debug|Any CPU
		{406E0667-C9ED-4A41-BEF1-D954BD768552}.Debug|Any CPU.Build.0 = Debug|Any CPU
		{406E0667-C9ED-4A41-BEF1-D954BD768552}.Release|Any CPU.ActiveCfg = Release|Any CPU
		{406E0667-C9ED-4A41-BEF1-D954BD768552}.Release|Any CPU.Build.0 = Release|Any CPU
		{F38B3CD2-97B3-4691-AAA8-B7C54B6836E2}.Debug|Any CPU.ActiveCfg = Debug|Any CPU
		{F38B3CD2-97B3-4691-AAA8-B7C54B6836E2}.Debug|Any CPU.Build.0 = Debug|Any CPU
		{F38B3CD2-97B3-4691-AAA8-B7C54B6836E2}.Release|Any CPU.ActiveCfg = Release|Any CPU
		{F38B3CD2-97B3-4691-AAA8-B7C54B6836E2}.Release|Any CPU.Build.0 = Release|Any CPU
		{A337EBFC-5F67-49EB-8D06-9F9B652503CE}.Debug|Any CPU.ActiveCfg = Debug|Any CPU
		{A337EBFC-5F67-49EB-8D06-9F9B652503CE}.Debug|Any CPU.Build.0 = Debug|Any CPU
		{A337EBFC-5F67-49EB-8D06-9F9B652503CE}.Release|Any CPU.ActiveCfg = Release|Any CPU
		{A337EBFC-5F67-49EB-8D06-9F9B652503CE}.Release|Any CPU.Build.0 = Release|Any CPU
	EndGlobalSection
	GlobalSection(SolutionProperties) = preSolution
		HideSolutionNode = FALSE
	EndGlobalSection
EndGlobal
